
Microsoft Visual Studio Solution File, Format Version 12.00
# Visual Studio 15
VisualStudioVersion = 15.0.28307.271
MinimumVisualStudioVersion = 10.0.40219.1
Project("{FAE04EC0-301F-11D3-BF4B-00C04F79EFBC}") = "OdeToFood", "OdeToFood\OdeToFood.csproj", "{27514E85-2CD4-4F1B-BCA4-E84AC034AB02}"
EndProject
Project("{FAE04EC0-301F-11D3-BF4B-00C04F79EFBC}") = "OdeToFood.Core", "OdeToFood.Core\OdeToFood.Core.csproj", "{55B23902-B6DA-469D-A9A9-95D1F8CC7172}"
EndProject
Project("{FAE04EC0-301F-11D3-BF4B-00C04F79EFBC}") = "OdeToFood.Data", "OdeToFood.Data\OdeToFood.Data.csproj", "{8CE15B6F-F20A-4B07-99B7-608091C4DF57}"
EndProject
Global
	GlobalSection(SolutionConfigurationPlatforms) = preSolution
		Debug|Any CPU = Debug|Any CPU
		Release|Any CPU = Release|Any CPU
	EndGlobalSection
	GlobalSection(ProjectConfigurationPlatforms) = postSolution
		{27514E85-2CD4-4F1B-BCA4-E84AC034AB02}.Debug|Any CPU.ActiveCfg = Debug|Any CPU
		{27514E85-2CD4-4F1B-BCA4-E84AC034AB02}.Debug|Any CPU.Build.0 = Debug|Any CPU
		{27514E85-2CD4-4F1B-BCA4-E84AC034AB02}.Release|Any CPU.ActiveCfg = Release|Any CPU
		{27514E85-2CD4-4F1B-BCA4-E84AC034AB02}.Release|Any CPU.Build.0 = Release|Any CPU
		{55B23902-B6DA-469D-A9A9-95D1F8CC7172}.Debug|Any CPU.ActiveCfg = Debug|Any CPU
		{55B23902-B6DA-469D-A9A9-95D1F8CC7172}.Debug|Any CPU.Build.0 = Debug|Any CPU
		{55B23902-B6DA-469D-A9A9-95D1F8CC7172}.Release|Any CPU.ActiveCfg = Release|Any CPU
		{55B23902-B6DA-469D-A9A9-95D1F8CC7172}.Release|Any CPU.Build.0 = Release|Any CPU
		{8CE15B6F-F20A-4B07-99B7-608091C4DF57}.Debug|Any CPU.ActiveCfg = Debug|Any CPU
		{8CE15B6F-F20A-4B07-99B7-608091C4DF57}.Debug|Any CPU.Build.0 = Debug|Any CPU
		{8CE15B6F-F20A-4B07-99B7-608091C4DF57}.Release|Any CPU.ActiveCfg = Release|Any CPU
		{8CE15B6F-F20A-4B07-99B7-608091C4DF57}.Release|Any CPU.Build.0 = Release|Any CPU
	EndGlobalSection
	GlobalSection(SolutionProperties) = preSolution
		HideSolutionNode = FALSE
	EndGlobalSection
	GlobalSection(ExtensibilityGlobals) = postSolution
		SolutionGuid = {F14C8F0A-E343-4AA9-BA30-D65A1009A746}
	EndGlobalSection
EndGlobal
